
Microsoft Visual Studio Solution File, Format Version 12.00
# Visual Studio Version 17
VisualStudioVersion = 17.1.32210.238
MinimumVisualStudioVersion = 10.0.40219.1
Project("{FAE04EC0-301F-11D3-BF4B-00C04F79EFBC}") = "EntityFramworkNet5.ConsoleApp", "EntityFramworkNet5.ConsoleApp\EntityFramworkNet5.ConsoleApp.csproj", "{DE2B476D-237E-4934-B360-9EC19081736C}"
EndProject
Project("{FAE04EC0-301F-11D3-BF4B-00C04F79EFBC}") = "EntityFramworkNet5.Data", "EntityFramworkNet5.Data\EntityFramworkNet5.Data.csproj", "{CC7742AF-A1CA-4389-B935-36E658348C33}"
EndProject
Project("{FAE04EC0-301F-11D3-BF4B-00C04F79EFBC}") = "EntityFramworkNet5.Domain", "EntityFramworkNet5.Domain\EntityFramworkNet5.Domain.csproj", "{EE8E09A0-F629-4A1C-869B-AAE955DDE2EC}"
EndProject
Global
	GlobalSection(SolutionConfigurationPlatforms) = preSolution
		Debug|Any CPU = Debug|Any CPU
		Release|Any CPU = Release|Any CPU
	EndGlobalSection
	GlobalSection(ProjectConfigurationPlatforms) = postSolution
		{DE2B476D-237E-4934-B360-9EC19081736C}.Debug|Any CPU.ActiveCfg = Debug|Any CPU
		{DE2B476D-237E-4934-B360-9EC19081736C}.Debug|Any CPU.Build.0 = Debug|Any CPU
		{DE2B476D-237E-4934-B360-9EC19081736C}.Release|Any CPU.ActiveCfg = Release|Any CPU
		{DE2B476D-237E-4934-B360-9EC19081736C}.Release|Any CPU.Build.0 = Release|Any CPU
		{CC7742AF-A1CA-4389-B935-36E658348C33}.Debug|Any CPU.ActiveCfg = Debug|Any CPU
		{CC7742AF-A1CA-4389-B935-36E658348C33}.Debug|Any CPU.Build.0 = Debug|Any CPU
		{CC7742AF-A1CA-4389-B935-36E658348C33}.Release|Any CPU.ActiveCfg = Release|Any CPU
		{CC7742AF-A1CA-4389-B935-36E658348C33}.Release|Any CPU.Build.0 = Release|Any CPU
		{EE8E09A0-F629-4A1C-869B-AAE955DDE2EC}.Debug|Any CPU.ActiveCfg = Debug|Any CPU
		{EE8E09A0-F629-4A1C-869B-AAE955DDE2EC}.Debug|Any CPU.Build.0 = Debug|Any CPU
		{EE8E09A0-F629-4A1C-869B-AAE955DDE2EC}.Release|Any CPU.ActiveCfg = Release|Any CPU
		{EE8E09A0-F629-4A1C-869B-AAE955DDE2EC}.Release|Any CPU.Build.0 = Release|Any CPU
	EndGlobalSection
	GlobalSection(SolutionProperties) = preSolution
		HideSolutionNode = FALSE
	EndGlobalSection
	GlobalSection(ExtensibilityGlobals) = postSolution
		SolutionGuid = {A19F1945-4A6F-48D4-9FBF-F21A8DCCD250}
	EndGlobalSection
EndGlobal
